
Microsoft Visual Studio Solution File, Format Version 12.00
# Visual Studio Version 17
VisualStudioVersion = 17.1.32210.238
MinimumVisualStudioVersion = 10.0.40219.1
Project("{FAE04EC0-301F-11D3-BF4B-00C04F79EFBC}") = "Projeto vendas Fatec", "Projeto vendas Fatec\Projeto vendas Fatec.csproj", "{5CAD128A-4E72-4AEE-8FEA-0F9611951A16}"
EndProject
Global
	GlobalSection(SolutionConfigurationPlatforms) = preSolution
		Debug|Any CPU = Debug|Any CPU
		Release|Any CPU = Release|Any CPU
	EndGlobalSection
	GlobalSection(ProjectConfigurationPlatforms) = postSolution
		{5CAD128A-4E72-4AEE-8FEA-0F9611951A16}.Debug|Any CPU.ActiveCfg = Debug|Any CPU
		{5CAD128A-4E72-4AEE-8FEA-0F9611951A16}.Debug|Any CPU.Build.0 = Debug|Any CPU
		{5CAD128A-4E72-4AEE-8FEA-0F9611951A16}.Release|Any CPU.ActiveCfg = Release|Any CPU
		{5CAD128A-4E72-4AEE-8FEA-0F9611951A16}.Release|Any CPU.Build.0 = Release|Any CPU
	EndGlobalSection
	GlobalSection(SolutionProperties) = preSolution
		HideSolutionNode = FALSE
	EndGlobalSection
	GlobalSection(ExtensibilityGlobals) = postSolution
		SolutionGuid = {A04682E0-0687-4D2E-8870-3FBC5CA56D84}
	EndGlobalSection
EndGlobal
